
Microsoft Visual Studio Solution File, Format Version 12.00
# Visual Studio Version 17
VisualStudioVersion = 17.6.33829.357
MinimumVisualStudioVersion = 10.0.40219.1
Project("{FAE04EC0-301F-11D3-BF4B-00C04F79EFBC}") = "AbstractFactoryApp", "AbstractFactoryApp.csproj", "{83A556FF-F6D9-42F0-8506-0FF417C0FFCE}"
EndProject
Global
	GlobalSection(SolutionConfigurationPlatforms) = preSolution
		Debug|Any CPU = Debug|Any CPU
		Release|Any CPU = Release|Any CPU
	EndGlobalSection
	GlobalSection(ProjectConfigurationPlatforms) = postSolution
		{83A556FF-F6D9-42F0-8506-0FF417C0FFCE}.Debug|Any CPU.ActiveCfg = Debug|Any CPU
		{83A556FF-F6D9-42F0-8506-0FF417C0FFCE}.Debug|Any CPU.Build.0 = Debug|Any CPU
		{83A556FF-F6D9-42F0-8506-0FF417C0FFCE}.Release|Any CPU.ActiveCfg = Release|Any CPU
		{83A556FF-F6D9-42F0-8506-0FF417C0FFCE}.Release|Any CPU.Build.0 = Release|Any CPU
	EndGlobalSection
	GlobalSection(SolutionProperties) = preSolution
		HideSolutionNode = FALSE
	EndGlobalSection
	GlobalSection(ExtensibilityGlobals) = postSolution
		SolutionGuid = {644F07D4-C684-4B4B-85C1-B5F451315FFF}
	EndGlobalSection
EndGlobal
